
Microsoft Visual Studio Solution File, Format Version 12.00
# Visual Studio 2013
VisualStudioVersion = 12.0.31101.0
MinimumVisualStudioVersion = 10.0.40219.1
Project("{2150E333-8FDC-42A3-9474-1A3956D46DE8}") = "Tests", "Tests", "{6C6CB31F-43D0-4E5B-8462-349357AA7268}"
EndProject
Project("{2150E333-8FDC-42A3-9474-1A3956D46DE8}") = "Data", "Data", "{C8C647FC-1531-4CF6-A868-B7DCA76978CA}"
EndProject
Project("{2150E333-8FDC-42A3-9474-1A3956D46DE8}") = "Web", "Web", "{80B50DE0-6072-4B48-8E40-4105B307208E}"
EndProject
Project("{2150E333-8FDC-42A3-9474-1A3956D46DE8}") = "Services", "Services", "{37D443F0-D08C-4DE6-946B-BFF4D3766604}"
EndProject
Project("{FAE04EC0-301F-11D3-BF4B-00C04F79EFBC}") = "OnlineStore.Web", "OnlineStore.Web\OnlineStore.Web.csproj", "{AB91AE8F-D016-4A91-97A1-201C106D04F8}"
EndProject
Project("{FAE04EC0-301F-11D3-BF4B-00C04F79EFBC}") = "OnlineStore.Data.Models", "OnlineStore.Models\OnlineStore.Data.Models.csproj", "{B4BF6D8F-BFD0-4AFF-AB6C-D3D5E475959D}"
EndProject
Project("{FAE04EC0-301F-11D3-BF4B-00C04F79EFBC}") = "OnlineStore.Data", "OnlineStore.Data\OnlineStore.Data.csproj", "{7ED9F623-08F8-4B87-BD15-395F6395920E}"
EndProject
Project("{FAE04EC0-301F-11D3-BF4B-00C04F79EFBC}") = "OnlineStore.Data.Contracts", "OnlineStore.Data.Contracts\OnlineStore.Data.Contracts.csproj", "{FCAB7B76-B811-4CCF-B366-8AC2B14FE59B}"
EndProject
Project("{FAE04EC0-301F-11D3-BF4B-00C04F79EFBC}") = "OnlineStore.Web.Controllers", "OnlineStore.Web.Controllers\OnlineStore.Web.Controllers.csproj", "{6D13ECC1-9E1C-41E5-986B-C45BEF5F28D2}"
EndProject
Project("{FAE04EC0-301F-11D3-BF4B-00C04F79EFBC}") = "OnlineStore.Web.Models", "OnlineStore.Web.Models\OnlineStore.Web.Models.csproj", "{FC9D2B92-79A8-4C28-AC78-6CB9051B8CA5}"
EndProject
Global
	GlobalSection(SolutionConfigurationPlatforms) = preSolution
		Debug|Any CPU = Debug|Any CPU
		Release|Any CPU = Release|Any CPU
	EndGlobalSection
	GlobalSection(ProjectConfigurationPlatforms) = postSolution
		{AB91AE8F-D016-4A91-97A1-201C106D04F8}.Debug|Any CPU.ActiveCfg = Debug|Any CPU
		{AB91AE8F-D016-4A91-97A1-201C106D04F8}.Debug|Any CPU.Build.0 = Debug|Any CPU
		{AB91AE8F-D016-4A91-97A1-201C106D04F8}.Release|Any CPU.ActiveCfg = Release|Any CPU
		{AB91AE8F-D016-4A91-97A1-201C106D04F8}.Release|Any CPU.Build.0 = Release|Any CPU
		{B4BF6D8F-BFD0-4AFF-AB6C-D3D5E475959D}.Debug|Any CPU.ActiveCfg = Debug|Any CPU
		{B4BF6D8F-BFD0-4AFF-AB6C-D3D5E475959D}.Debug|Any CPU.Build.0 = Debug|Any CPU
		{B4BF6D8F-BFD0-4AFF-AB6C-D3D5E475959D}.Release|Any CPU.ActiveCfg = Release|Any CPU
		{B4BF6D8F-BFD0-4AFF-AB6C-D3D5E475959D}.Release|Any CPU.Build.0 = Release|Any CPU
		{7ED9F623-08F8-4B87-BD15-395F6395920E}.Debug|Any CPU.ActiveCfg = Debug|Any CPU
		{7ED9F623-08F8-4B87-BD15-395F6395920E}.Debug|Any CPU.Build.0 = Debug|Any CPU
		{7ED9F623-08F8-4B87-BD15-395F6395920E}.Release|Any CPU.ActiveCfg = Release|Any CPU
		{7ED9F623-08F8-4B87-BD15-395F6395920E}.Release|Any CPU.Build.0 = Release|Any CPU
		{FCAB7B76-B811-4CCF-B366-8AC2B14FE59B}.Debug|Any CPU.ActiveCfg = Debug|Any CPU
		{FCAB7B76-B811-4CCF-B366-8AC2B14FE59B}.Debug|Any CPU.Build.0 = Debug|Any CPU
		{FCAB7B76-B811-4CCF-B366-8AC2B14FE59B}.Release|Any CPU.ActiveCfg = Release|Any CPU
		{FCAB7B76-B811-4CCF-B366-8AC2B14FE59B}.Release|Any CPU.Build.0 = Release|Any CPU
		{6D13ECC1-9E1C-41E5-986B-C45BEF5F28D2}.Debug|Any CPU.ActiveCfg = Debug|Any CPU
		{6D13ECC1-9E1C-41E5-986B-C45BEF5F28D2}.Debug|Any CPU.Build.0 = Debug|Any CPU
		{6D13ECC1-9E1C-41E5-986B-C45BEF5F28D2}.Release|Any CPU.ActiveCfg = Release|Any CPU
		{6D13ECC1-9E1C-41E5-986B-C45BEF5F28D2}.Release|Any CPU.Build.0 = Release|Any CPU
		{FC9D2B92-79A8-4C28-AC78-6CB9051B8CA5}.Debug|Any CPU.ActiveCfg = Debug|Any CPU
		{FC9D2B92-79A8-4C28-AC78-6CB9051B8CA5}.Debug|Any CPU.Build.0 = Debug|Any CPU
		{FC9D2B92-79A8-4C28-AC78-6CB9051B8CA5}.Release|Any CPU.ActiveCfg = Release|Any CPU
		{FC9D2B92-79A8-4C28-AC78-6CB9051B8CA5}.Release|Any CPU.Build.0 = Release|Any CPU
	EndGlobalSection
	GlobalSection(SolutionProperties) = preSolution
		HideSolutionNode = FALSE
	EndGlobalSection
	GlobalSection(NestedProjects) = preSolution
		{AB91AE8F-D016-4A91-97A1-201C106D04F8} = {80B50DE0-6072-4B48-8E40-4105B307208E}
		{B4BF6D8F-BFD0-4AFF-AB6C-D3D5E475959D} = {C8C647FC-1531-4CF6-A868-B7DCA76978CA}
		{7ED9F623-08F8-4B87-BD15-395F6395920E} = {C8C647FC-1531-4CF6-A868-B7DCA76978CA}
		{FCAB7B76-B811-4CCF-B366-8AC2B14FE59B} = {C8C647FC-1531-4CF6-A868-B7DCA76978CA}
		{6D13ECC1-9E1C-41E5-986B-C45BEF5F28D2} = {80B50DE0-6072-4B48-8E40-4105B307208E}
		{FC9D2B92-79A8-4C28-AC78-6CB9051B8CA5} = {80B50DE0-6072-4B48-8E40-4105B307208E}
	EndGlobalSection
EndGlobal
